github.com/tnarik/hugo-homebrewery v0.0.0-20250426154603-8604c5749068 h1:0l6xkHTyqVNf8vhFcE4I6fJhYpVp9+WOCyT5utS4Xbs=
github.com/tnarik/hugo-homebrewery v0.0.0-20250426154603-8604c5749068/go.mod h1:n0lbgsD5juNDt54cwIOOlWdHe3vHNNgN2BgBBfaW+hE=
github.com/tnarik/web-blog.nonmachinepeople.net-theme v0.0.0-20250504201017-5a0f0443a2dd h1:4G5otp+g7a/vwG9XZ1if6BNx5UUiHqUQdSPA4e3gHUc=
github.com/tnarik/web-blog.nonmachinepeople.net-theme v0.0.0-20250504201017-5a0f0443a2dd/go.mod h1:TFx8cfO1coHRjYtAtQLQxJ2KCeRX/0MFUjpTEy53DXQ=
