github.com/tnarik/hugo-homebrewery v0.0.0-20250426154603-8604c5749068 h1:0l6xkHTyqVNf8vhFcE4I6fJhYpVp9+WOCyT5utS4Xbs=
github.com/tnarik/hugo-homebrewery v0.0.0-20250426154603-8604c5749068/go.mod h1:n0lbgsD5juNDt54cwIOOlWdHe3vHNNgN2BgBBfaW+hE=
github.com/tnarik/web-blog.nonmachinepeople.net-theme v0.0.0-20250426163344-1ac9bfae1bce h1:5x8B8Jo1iFjlB0H4T2AClJNBELb01sKRzM7cHTIF3qw=
github.com/tnarik/web-blog.nonmachinepeople.net-theme v0.0.0-20250426163344-1ac9bfae1bce/go.mod h1:j+q5lfduVnVFhC5XgGRDxblVjWDfCouBQ3nTwK/FBIM=
